
Microsoft Visual Studio Solution File, Format Version 12.00
# Visual Studio Version 17
VisualStudioVersion = 17.6.33829.357
MinimumVisualStudioVersion = 10.0.40219.1
Project("{9A19103F-16F7-4668-BE54-9A1E7A4F7556}") = "QA_Test_Log", "QA_Test_Log.csproj", "{D13020DA-7706-4400-85A4-7D6A3A1D6D53}"
EndProject
Global
	GlobalSection(SolutionConfigurationPlatforms) = preSolution
		Debug|Any CPU = Debug|Any CPU
		Release|Any CPU = Release|Any CPU
	EndGlobalSection
	GlobalSection(ProjectConfigurationPlatforms) = postSolution
		{D13020DA-7706-4400-85A4-7D6A3A1D6D53}.Debug|Any CPU.ActiveCfg = Debug|Any CPU
		{D13020DA-7706-4400-85A4-7D6A3A1D6D53}.Debug|Any CPU.Build.0 = Debug|Any CPU
		{D13020DA-7706-4400-85A4-7D6A3A1D6D53}.Release|Any CPU.ActiveCfg = Release|Any CPU
		{D13020DA-7706-4400-85A4-7D6A3A1D6D53}.Release|Any CPU.Build.0 = Release|Any CPU
	EndGlobalSection
	GlobalSection(SolutionProperties) = preSolution
		HideSolutionNode = FALSE
	EndGlobalSection
	GlobalSection(ExtensibilityGlobals) = postSolution
		SolutionGuid = {B6E0A9D5-4DA6-49B5-A47D-67E198B08F10}
	EndGlobalSection
EndGlobal
